// !$*UTF8*$!
{
	archiveVersion = 1;
	classes = {
	};
	objectVersion = 50;
	objects = {

/* Begin PBXBuildFile section */
		6F0581882093ED9200FA6F20 /* AppDelegate.swift in Sources */ = {isa = PBXBuildFile; fileRef = 6F0581872093ED9200FA6F20 /* AppDelegate.swift */; };
		6F05818F2093ED9200FA6F20 /* Main.storyboard in Resources */ = {isa = PBXBuildFile; fileRef = 6F05818D2093ED9200FA6F20 /* Main.storyboard */; };
		6F0581912093ED9300FA6F20 /* Assets.xcassets in Resources */ = {isa = PBXBuildFile; fileRef = 6F0581902093ED9300FA6F20 /* Assets.xcassets */; };
		6F0581942093ED9300FA6F20 /* LaunchScreen.storyboard in Resources */ = {isa = PBXBuildFile; fileRef = 6F0581922093ED9300FA6F20 /* LaunchScreen.storyboard */; };
		6F05819F2093ED9300FA6F20 /* MusicTests.swift in Sources */ = {isa = PBXBuildFile; fileRef = 6F05819E2093ED9300FA6F20 /* MusicTests.swift */; };
		6F0581AA2093ED9300FA6F20 /* MusicUITests.swift in Sources */ = {isa = PBXBuildFile; fileRef = 6F0581A92093ED9300FA6F20 /* MusicUITests.swift */; };
		6F0581BA2093F63900FA6F20 /* AppWallpaper.xcassets in Resources */ = {isa = PBXBuildFile; fileRef = 6F0581B92093F63900FA6F20 /* AppWallpaper.xcassets */; };
		6F0581BC2093F65300FA6F20 /* AppLogo.xcassets in Resources */ = {isa = PBXBuildFile; fileRef = 6F0581BB2093F65300FA6F20 /* AppLogo.xcassets */; };
		6F0581BE2093F88B00FA6F20 /* BrowseMusic.swift in Sources */ = {isa = PBXBuildFile; fileRef = 6F0581BD2093F88B00FA6F20 /* BrowseMusic.swift */; };
		6F0581C02093F89900FA6F20 /* SearchMusic.swift in Sources */ = {isa = PBXBuildFile; fileRef = 6F0581BF2093F89900FA6F20 /* SearchMusic.swift */; };
		6F0581C22093F8C700FA6F20 /* MusicLibrary.swift in Sources */ = {isa = PBXBuildFile; fileRef = 6F0581C12093F8C700FA6F20 /* MusicLibrary.swift */; };
		6F0581C42093F90100FA6F20 /* RadioStation.swift in Sources */ = {isa = PBXBuildFile; fileRef = 6F0581C32093F90100FA6F20 /* RadioStation.swift */; };
		6F0581C72093F98C00FA6F20 /* LibraryModel.swift in Sources */ = {isa = PBXBuildFile; fileRef = 6F0581C62093F98C00FA6F20 /* LibraryModel.swift */; };
		6F0581C92093F99800FA6F20 /* RadioModel.swift in Sources */ = {isa = PBXBuildFile; fileRef = 6F0581C82093F99800FA6F20 /* RadioModel.swift */; };
		6F0581CD2093FA1A00FA6F20 /* MusicLibraryCell.swift in Sources */ = {isa = PBXBuildFile; fileRef = 6F0581CB2093FA1A00FA6F20 /* MusicLibraryCell.swift */; };
		6F0581CE2093FA1A00FA6F20 /* MusicLibraryCell.xib in Resources */ = {isa = PBXBuildFile; fileRef = 6F0581CC2093FA1A00FA6F20 /* MusicLibraryCell.xib */; };
		6F0581D12093FA3000FA6F20 /* SearchMusicCell.swift in Sources */ = {isa = PBXBuildFile; fileRef = 6F0581CF2093FA3000FA6F20 /* SearchMusicCell.swift */; };
		6F0581D22093FA3000FA6F20 /* SearchMusicCell.xib in Resources */ = {isa = PBXBuildFile; fileRef = 6F0581D02093FA3000FA6F20 /* SearchMusicCell.xib */; };
		6F0581D8209408BC00FA6F20 /* PALogin.swift in Sources */ = {isa = PBXBuildFile; fileRef = 6F0581D6209408BC00FA6F20 /* PALogin.swift */; };
		6F0581D9209408BC00FA6F20 /* PALogin.xib in Resources */ = {isa = PBXBuildFile; fileRef = 6F0581D7209408BC00FA6F20 /* PALogin.xib */; };
		6F0581DC209408CA00FA6F20 /* PARegister.swift in Sources */ = {isa = PBXBuildFile; fileRef = 6F0581DA209408CA00FA6F20 /* PARegister.swift */; };
		6F0581DD209408CA00FA6F20 /* PARegister.xib in Resources */ = {isa = PBXBuildFile; fileRef = 6F0581DB209408CA00FA6F20 /* PARegister.xib */; };
		6F0581E0209409C200FA6F20 /* PearSecurity.swift in Sources */ = {isa = PBXBuildFile; fileRef = 6F0581DF209409C200FA6F20 /* PearSecurity.swift */; };
		6F0581E320940A1A00FA6F20 /* CustomerProfile.swift in Sources */ = {isa = PBXBuildFile; fileRef = 6F0581E120940A1A00FA6F20 /* CustomerProfile.swift */; };
		6F0581E420940A1A00FA6F20 /* CustomerProfile.xib in Resources */ = {isa = PBXBuildFile; fileRef = 6F0581E220940A1A00FA6F20 /* CustomerProfile.xib */; };
		6F0581E620940E7A00FA6F20 /* GoogleService-Info.plist in Resources */ = {isa = PBXBuildFile; fileRef = 6F0581E520940E7A00FA6F20 /* GoogleService-Info.plist */; };
		6FDE091820949A1C00364469 /* MusicPlayer.swift in Sources */ = {isa = PBXBuildFile; fileRef = 6FDE091620949A1C00364469 /* MusicPlayer.swift */; };
		6FDE091920949A1C00364469 /* MusicPlayer.xib in Resources */ = {isa = PBXBuildFile; fileRef = 6FDE091720949A1C00364469 /* MusicPlayer.xib */; };
		6FDE091C20949C4100364469 /* AudioToolbox.framework in Frameworks */ = {isa = PBXBuildFile; fileRef = 6FDE091B20949C4100364469 /* AudioToolbox.framework */; };
		6FDE091F2094A7BD00364469 /* CastCore.swift in Sources */ = {isa = PBXBuildFile; fileRef = 6FDE091E2094A7BD00364469 /* CastCore.swift */; };
		6FDE09212094AC3500364469 /* AppIcon.xcassets in Resources */ = {isa = PBXBuildFile; fileRef = 6FDE09202094AC3500364469 /* AppIcon.xcassets */; };
		6FDE09252094FA9600364469 /* RadioPlayer.swift in Sources */ = {isa = PBXBuildFile; fileRef = 6FDE09232094FA9600364469 /* RadioPlayer.swift */; };
		6FDE09262094FA9600364469 /* RadioPlayer.xib in Resources */ = {isa = PBXBuildFile; fileRef = 6FDE09242094FA9600364469 /* RadioPlayer.xib */; };
		6FDE092920952E4700364469 /* AppUIElements.xcassets in Resources */ = {isa = PBXBuildFile; fileRef = 6FDE092820952E4700364469 /* AppUIElements.xcassets */; };
		6FDE092B20952E8E00364469 /* SamsungOne-200.ttf in Resources */ = {isa = PBXBuildFile; fileRef = 6FDE092A20952E8900364469 /* SamsungOne-200.ttf */; };
		6FE34C7C209689A4009208EF /* RadioStationCell.swift in Sources */ = {isa = PBXBuildFile; fileRef = 6FE34C7A209689A4009208EF /* RadioStationCell.swift */; };
		6FE34C7D209689A4009208EF /* RadioStationCell.xib in Resources */ = {isa = PBXBuildFile; fileRef = 6FE34C7B209689A4009208EF /* RadioStationCell.xib */; };
		A196E73E68B45DEAB12E6F48 /* Pods_Music.framework in Frameworks */ = {isa = PBXBuildFile; fileRef = 58960EC5F4BB325E7351F7CF /* Pods_Music.framework */; };
/* End PBXBuildFile section */

/* Begin PBXContainerItemProxy section */
		6F05819B2093ED9300FA6F20 /* PBXContainerItemProxy */ = {
			isa = PBXContainerItemProxy;
			containerPortal = 6F05817C2093ED9200FA6F20 /* Project object */;
			proxyType = 1;
			remoteGlobalIDString = 6F0581832093ED9200FA6F20;
			remoteInfo = Music;
		};
		6F0581A62093ED9300FA6F20 /* PBXContainerItemProxy */ = {
			isa = PBXContainerItemProxy;
			containerPortal = 6F05817C2093ED9200FA6F20 /* Project object */;
			proxyType = 1;
			remoteGlobalIDString = 6F0581832093ED9200FA6F20;
			remoteInfo = Music;
		};
/* End PBXContainerItemProxy section */

/* Begin PBXFileReference section */
		218E0779C2DDA0D5C16C2FC2 /* Pods-Music.release.xcconfig */ = {isa = PBXFileReference; includeInIndex = 1; lastKnownFileType = text.xcconfig; name = "Pods-Music.release.xcconfig"; path = "Pods/Target Support Files/Pods-Music/Pods-Music.release.xcconfig"; sourceTree = "<group>"; };
		58960EC5F4BB325E7351F7CF /* Pods_Music.framework */ = {isa = PBXFileReference; explicitFileType = wrapper.framework; includeInIndex = 0; path = Pods_Music.framework; sourceTree = BUILT_PRODUCTS_DIR; };
		6F0581842093ED9200FA6F20 /* Music.app */ = {isa = PBXFileReference; explicitFileType = wrapper.application; includeInIndex = 0; path = Music.app; sourceTree = BUILT_PRODUCTS_DIR; };
		6F0581872093ED9200FA6F20 /* AppDelegate.swift */ = {isa = PBXFileReference; lastKnownFileType = sourcecode.swift; path = AppDelegate.swift; sourceTree = "<group>"; };
		6F05818E2093ED9200FA6F20 /* Base */ = {isa = PBXFileReference; lastKnownFileType = file.storyboard; name = Base; path = Base.lproj/Main.storyboard; sourceTree = "<group>"; };
		6F0581902093ED9300FA6F20 /* Assets.xcassets */ = {isa = PBXFileReference; lastKnownFileType = folder.assetcatalog; path = Assets.xcassets; sourceTree = "<group>"; };
		6F0581932093ED9300FA6F20 /* Base */ = {isa = PBXFileReference; lastKnownFileType = file.storyboard; name = Base; path = Base.lproj/LaunchScreen.storyboard; sourceTree = "<group>"; };
		6F0581952093ED9300FA6F20 /* Info.plist */ = {isa = PBXFileReference; lastKnownFileType = text.plist.xml; path = Info.plist; sourceTree = "<group>"; };
		6F05819A2093ED9300FA6F20 /* MusicTests.xctest */ = {isa = PBXFileReference; explicitFileType = wrapper.cfbundle; includeInIndex = 0; path = MusicTests.xctest; sourceTree = BUILT_PRODUCTS_DIR; };
		6F05819E2093ED9300FA6F20 /* MusicTests.swift */ = {isa = PBXFileReference; lastKnownFileType = sourcecode.swift; path = MusicTests.swift; sourceTree = "<group>"; };
		6F0581A02093ED9300FA6F20 /* Info.plist */ = {isa = PBXFileReference; lastKnownFileType = text.plist.xml; path = Info.plist; sourceTree = "<group>"; };
		6F0581A52093ED9300FA6F20 /* MusicUITests.xctest */ = {isa = PBXFileReference; explicitFileType = wrapper.cfbundle; includeInIndex = 0; path = MusicUITests.xctest; sourceTree = BUILT_PRODUCTS_DIR; };
		6F0581A92093ED9300FA6F20 /* MusicUITests.swift */ = {isa = PBXFileReference; lastKnownFileType = sourcecode.swift; path = MusicUITests.swift; sourceTree = "<group>"; };
		6F0581AB2093ED9300FA6F20 /* Info.plist */ = {isa = PBXFileReference; lastKnownFileType = text.plist.xml; path = Info.plist; sourceTree = "<group>"; };
		6F0581B92093F63900FA6F20 /* AppWallpaper.xcassets */ = {isa = PBXFileReference; lastKnownFileType = folder.assetcatalog; path = AppWallpaper.xcassets; sourceTree = "<group>"; };
		6F0581BB2093F65300FA6F20 /* AppLogo.xcassets */ = {isa = PBXFileReference; lastKnownFileType = folder.assetcatalog; path = AppLogo.xcassets; sourceTree = "<group>"; };
		6F0581BD2093F88B00FA6F20 /* BrowseMusic.swift */ = {isa = PBXFileReference; lastKnownFileType = sourcecode.swift; path = BrowseMusic.swift; sourceTree = "<group>"; };
		6F0581BF2093F89900FA6F20 /* SearchMusic.swift */ = {isa = PBXFileReference; lastKnownFileType = sourcecode.swift; path = SearchMusic.swift; sourceTree = "<group>"; };
		6F0581C12093F8C700FA6F20 /* MusicLibrary.swift */ = {isa = PBXFileReference; lastKnownFileType = sourcecode.swift; path = MusicLibrary.swift; sourceTree = "<group>"; };
		6F0581C32093F90100FA6F20 /* RadioStation.swift */ = {isa = PBXFileReference; lastKnownFileType = sourcecode.swift; path = RadioStation.swift; sourceTree = "<group>"; };
		6F0581C62093F98C00FA6F20 /* LibraryModel.swift */ = {isa = PBXFileReference; lastKnownFileType = sourcecode.swift; path = LibraryModel.swift; sourceTree = "<group>"; };
		6F0581C82093F99800FA6F20 /* RadioModel.swift */ = {isa = PBXFileReference; lastKnownFileType = sourcecode.swift; path = RadioModel.swift; sourceTree = "<group>"; };
		6F0581CB2093FA1A00FA6F20 /* MusicLibraryCell.swift */ = {isa = PBXFileReference; lastKnownFileType = sourcecode.swift; path = MusicLibraryCell.swift; sourceTree = "<group>"; };
		6F0581CC2093FA1A00FA6F20 /* MusicLibraryCell.xib */ = {isa = PBXFileReference; lastKnownFileType = file.xib; path = MusicLibraryCell.xib; sourceTree = "<group>"; };
		6F0581CF2093FA3000FA6F20 /* SearchMusicCell.swift */ = {isa = PBXFileReference; lastKnownFileType = sourcecode.swift; path = SearchMusicCell.swift; sourceTree = "<group>"; };
		6F0581D02093FA3000FA6F20 /* SearchMusicCell.xib */ = {isa = PBXFileReference; lastKnownFileType = file.xib; path = SearchMusicCell.xib; sourceTree = "<group>"; };
		6F0581D6209408BC00FA6F20 /* PALogin.swift */ = {isa = PBXFileReference; lastKnownFileType = sourcecode.swift; path = PALogin.swift; sourceTree = "<group>"; };
		6F0581D7209408BC00FA6F20 /* PALogin.xib */ = {isa = PBXFileReference; lastKnownFileType = file.xib; path = PALogin.xib; sourceTree = "<group>"; };
		6F0581DA209408CA00FA6F20 /* PARegister.swift */ = {isa = PBXFileReference; lastKnownFileType = sourcecode.swift; path = PARegister.swift; sourceTree = "<group>"; };
		6F0581DB209408CA00FA6F20 /* PARegister.xib */ = {isa = PBXFileReference; lastKnownFileType = file.xib; path = PARegister.xib; sourceTree = "<group>"; };
		6F0581DF209409C200FA6F20 /* PearSecurity.swift */ = {isa = PBXFileReference; lastKnownFileType = sourcecode.swift; path = PearSecurity.swift; sourceTree = "<group>"; };
		6F0581E120940A1A00FA6F20 /* CustomerProfile.swift */ = {isa = PBXFileReference; lastKnownFileType = sourcecode.swift; path = CustomerProfile.swift; sourceTree = "<group>"; };
		6F0581E220940A1A00FA6F20 /* CustomerProfile.xib */ = {isa = PBXFileReference; lastKnownFileType = file.xib; path = CustomerProfile.xib; sourceTree = "<group>"; };
		6F0581E520940E7A00FA6F20 /* GoogleService-Info.plist */ = {isa = PBXFileReference; fileEncoding = 4; lastKnownFileType = text.plist.xml; path = "GoogleService-Info.plist"; sourceTree = "<group>"; };
		6FDE091620949A1C00364469 /* MusicPlayer.swift */ = {isa = PBXFileReference; lastKnownFileType = sourcecode.swift; path = MusicPlayer.swift; sourceTree = "<group>"; };
		6FDE091720949A1C00364469 /* MusicPlayer.xib */ = {isa = PBXFileReference; lastKnownFileType = file.xib; path = MusicPlayer.xib; sourceTree = "<group>"; };
		6FDE091A20949C3900364469 /* Music.entitlements */ = {isa = PBXFileReference; lastKnownFileType = text.plist.entitlements; path = Music.entitlements; sourceTree = "<group>"; };
		6FDE091B20949C4100364469 /* AudioToolbox.framework */ = {isa = PBXFileReference; lastKnownFileType = wrapper.framework; name = AudioToolbox.framework; path = System/Library/Frameworks/AudioToolbox.framework; sourceTree = SDKROOT; };
		6FDE091E2094A7BD00364469 /* CastCore.swift */ = {isa = PBXFileReference; lastKnownFileType = sourcecode.swift; path = CastCore.swift; sourceTree = "<group>"; };
		6FDE09202094AC3500364469 /* AppIcon.xcassets */ = {isa = PBXFileReference; lastKnownFileType = folder.assetcatalog; path = AppIcon.xcassets; sourceTree = "<group>"; };
		6FDE09232094FA9600364469 /* RadioPlayer.swift */ = {isa = PBXFileReference; lastKnownFileType = sourcecode.swift; path = RadioPlayer.swift; sourceTree = "<group>"; };
		6FDE09242094FA9600364469 /* RadioPlayer.xib */ = {isa = PBXFileReference; lastKnownFileType = file.xib; path = RadioPlayer.xib; sourceTree = "<group>"; };
		6FDE092820952E4700364469 /* AppUIElements.xcassets */ = {isa = PBXFileReference; lastKnownFileType = folder.assetcatalog; path = AppUIElements.xcassets; sourceTree = "<group>"; };
		6FDE092A20952E8900364469 /* SamsungOne-200.ttf */ = {isa = PBXFileReference; lastKnownFileType = file; path = "SamsungOne-200.ttf"; sourceTree = "<group>"; };
		6FE34C7A209689A4009208EF /* RadioStationCell.swift */ = {isa = PBXFileReference; lastKnownFileType = sourcecode.swift; path = RadioStationCell.swift; sourceTree = "<group>"; };
		6FE34C7B209689A4009208EF /* RadioStationCell.xib */ = {isa = PBXFileReference; lastKnownFileType = file.xib; path = RadioStationCell.xib; sourceTree = "<group>"; };
		796216EBF7AE8F5F1402A65B /* Pods-Music.debug.xcconfig */ = {isa = PBXFileReference; includeInIndex = 1; lastKnownFileType = text.xcconfig; name = "Pods-Music.debug.xcconfig"; path = "Pods/Target Support Files/Pods-Music/Pods-Music.debug.xcconfig"; sourceTree = "<group>"; };
/* End PBXFileReference section */

/* Begin PBXFrameworksBuildPhase section */
		6F0581812093ED9200FA6F20 /* Frameworks */ = {
			isa = PBXFrameworksBuildPhase;
			buildActionMask = 2147483647;
			files = (
				A196E73E68B45DEAB12E6F48 /* Pods_Music.framework in Frameworks */,
				6FDE091C20949C4100364469 /* AudioToolbox.framework in Frameworks */,
			);
			runOnlyForDeploymentPostprocessing = 0;
		};
		6F0581972093ED9300FA6F20 /* Frameworks */ = {
			isa = PBXFrameworksBuildPhase;
			buildActionMask = 2147483647;
			files = (
			);
			runOnlyForDeploymentPostprocessing = 0;
		};
		6F0581A22093ED9300FA6F20 /* Frameworks */ = {
			isa = PBXFrameworksBuildPhase;
			buildActionMask = 2147483647;
			files = (
			);
			runOnlyForDeploymentPostprocessing = 0;
		};
/* End PBXFrameworksBuildPhase section */

/* Begin PBXGroup section */
		5219D599E8F058017047FA00 /* Pods */ = {
			isa = PBXGroup;
			children = (
				796216EBF7AE8F5F1402A65B /* Pods-Music.debug.xcconfig */,
				218E0779C2DDA0D5C16C2FC2 /* Pods-Music.release.xcconfig */,
			);
			name = Pods;
			sourceTree = "<group>";
		};
		6F05817B2093ED9200FA6F20 = {
			isa = PBXGroup;
			children = (
				6F0581862093ED9200FA6F20 /* Music */,
				6F05819D2093ED9300FA6F20 /* MusicTests */,
				6F0581A82093ED9300FA6F20 /* MusicUITests */,
				6F0581852093ED9200FA6F20 /* Products */,
				5219D599E8F058017047FA00 /* Pods */,
				82D1AACD8901CBA1ADCBB75C /* Frameworks */,
			);
			sourceTree = "<group>";
		};
		6F0581852093ED9200FA6F20 /* Products */ = {
			isa = PBXGroup;
			children = (
				6F0581842093ED9200FA6F20 /* Music.app */,
				6F05819A2093ED9300FA6F20 /* MusicTests.xctest */,
				6F0581A52093ED9300FA6F20 /* MusicUITests.xctest */,
			);
			name = Products;
			sourceTree = "<group>";
		};
		6F0581862093ED9200FA6F20 /* Music */ = {
			isa = PBXGroup;
			children = (
				6FDE091D2094A79100364469 /* Core Functionality */,
				6FDE091A20949C3900364469 /* Music.entitlements */,
				6FDE09152094999B00364469 /* Music Streaming Player */,
				6F0581D32094087100FA6F20 /* Account Ownership */,
				6F0581C52093F97800FA6F20 /* Data Models */,
				6F0581B82093F62100FA6F20 /* Graphic Concepts */,
				6F0581B72093F22600FA6F20 /* Music Home Insight */,
				6F0581872093ED9200FA6F20 /* AppDelegate.swift */,
				6F05818D2093ED9200FA6F20 /* Main.storyboard */,
				6F0581902093ED9300FA6F20 /* Assets.xcassets */,
				6F0581922093ED9300FA6F20 /* LaunchScreen.storyboard */,
				6F0581E520940E7A00FA6F20 /* GoogleService-Info.plist */,
				6F0581952093ED9300FA6F20 /* Info.plist */,
			);
			path = Music;
			sourceTree = "<group>";
		};
		6F05819D2093ED9300FA6F20 /* MusicTests */ = {
			isa = PBXGroup;
			children = (
				6F05819E2093ED9300FA6F20 /* MusicTests.swift */,
				6F0581A02093ED9300FA6F20 /* Info.plist */,
			);
			path = MusicTests;
			sourceTree = "<group>";
		};
		6F0581A82093ED9300FA6F20 /* MusicUITests */ = {
			isa = PBXGroup;
			children = (
				6F0581A92093ED9300FA6F20 /* MusicUITests.swift */,
				6F0581AB2093ED9300FA6F20 /* Info.plist */,
			);
			path = MusicUITests;
			sourceTree = "<group>";
		};
		6F0581B72093F22600FA6F20 /* Music Home Insight */ = {
			isa = PBXGroup;
			children = (
				6F0581CA2093F9F900FA6F20 /* Table Content Cell */,
				6F0581BD2093F88B00FA6F20 /* BrowseMusic.swift */,
				6F0581BF2093F89900FA6F20 /* SearchMusic.swift */,
				6F0581C12093F8C700FA6F20 /* MusicLibrary.swift */,
				6F0581C32093F90100FA6F20 /* RadioStation.swift */,
			);
			path = "Music Home Insight";
			sourceTree = "<group>";
		};
		6F0581B82093F62100FA6F20 /* Graphic Concepts */ = {
			isa = PBXGroup;
			children = (
				6F0581B92093F63900FA6F20 /* AppWallpaper.xcassets */,
				6F0581BB2093F65300FA6F20 /* AppLogo.xcassets */,
				6FDE09202094AC3500364469 /* AppIcon.xcassets */,
				6FDE092820952E4700364469 /* AppUIElements.xcassets */,
				6FDE092A20952E8900364469 /* SamsungOne-200.ttf */,
			);
			path = "Graphic Concepts";
			sourceTree = "<group>";
		};
		6F0581C52093F97800FA6F20 /* Data Models */ = {
			isa = PBXGroup;
			children = (
				6F0581C62093F98C00FA6F20 /* LibraryModel.swift */,
				6F0581C82093F99800FA6F20 /* RadioModel.swift */,
			);
			path = "Data Models";
			sourceTree = "<group>";
		};
		6F0581CA2093F9F900FA6F20 /* Table Content Cell */ = {
			isa = PBXGroup;
			children = (
				6F0581CB2093FA1A00FA6F20 /* MusicLibraryCell.swift */,
				6F0581CC2093FA1A00FA6F20 /* MusicLibraryCell.xib */,
				6F0581CF2093FA3000FA6F20 /* SearchMusicCell.swift */,
				6F0581D02093FA3000FA6F20 /* SearchMusicCell.xib */,
				6FE34C7A209689A4009208EF /* RadioStationCell.swift */,
				6FE34C7B209689A4009208EF /* RadioStationCell.xib */,
			);
			path = "Table Content Cell";
			sourceTree = "<group>";
		};
		6F0581D32094087100FA6F20 /* Account Ownership */ = {
			isa = PBXGroup;
			children = (
				6F0581DE2094099700FA6F20 /* Pear API Service */,
				6F0581D52094088700FA6F20 /* Authrization View */,
				6F0581D42094087D00FA6F20 /* Customer Profile */,
			);
			path = "Account Ownership";
			sourceTree = "<group>";
		};
		6F0581D42094087D00FA6F20 /* Customer Profile */ = {
			isa = PBXGroup;
			children = (
				6F0581E120940A1A00FA6F20 /* CustomerProfile.swift */,
				6F0581E220940A1A00FA6F20 /* CustomerProfile.xib */,
			);
			path = "Customer Profile";
			sourceTree = "<group>";
		};
		6F0581D52094088700FA6F20 /* Authrization View */ = {
			isa = PBXGroup;
			children = (
				6F0581D6209408BC00FA6F20 /* PALogin.swift */,
				6F0581D7209408BC00FA6F20 /* PALogin.xib */,
				6F0581DA209408CA00FA6F20 /* PARegister.swift */,
				6F0581DB209408CA00FA6F20 /* PARegister.xib */,
			);
			path = "Authrization View";
			sourceTree = "<group>";
		};
		6F0581DE2094099700FA6F20 /* Pear API Service */ = {
			isa = PBXGroup;
			children = (
				6F0581DF209409C200FA6F20 /* PearSecurity.swift */,
			);
			path = "Pear API Service";
			sourceTree = "<group>";
		};
		6FDE09152094999B00364469 /* Music Streaming Player */ = {
			isa = PBXGroup;
			children = (
				6FDE092720952DA600364469 /* Online Music Streaming */,
				6FDE09222094FA7300364469 /* Online Radio Station */,
			);
			path = "Music Streaming Player";
			sourceTree = "<group>";
		};
		6FDE091D2094A79100364469 /* Core Functionality */ = {
			isa = PBXGroup;
			children = (
				6FDE091E2094A7BD00364469 /* CastCore.swift */,
			);
			path = "Core Functionality";
			sourceTree = "<group>";
		};
		6FDE09222094FA7300364469 /* Online Radio Station */ = {
			isa = PBXGroup;
			children = (
				6FDE09232094FA9600364469 /* RadioPlayer.swift */,
				6FDE09242094FA9600364469 /* RadioPlayer.xib */,
			);
			path = "Online Radio Station";
			sourceTree = "<group>";
		};
		6FDE092720952DA600364469 /* Online Music Streaming */ = {
			isa = PBXGroup;
			children = (
				6FDE091620949A1C00364469 /* MusicPlayer.swift */,
				6FDE091720949A1C00364469 /* MusicPlayer.xib */,
			);
			path = "Online Music Streaming";
			sourceTree = "<group>";
		};
		82D1AACD8901CBA1ADCBB75C /* Frameworks */ = {
			isa = PBXGroup;
			children = (
				6FDE091B20949C4100364469 /* AudioToolbox.framework */,
				58960EC5F4BB325E7351F7CF /* Pods_Music.framework */,
			);
			name = Frameworks;
			sourceTree = "<group>";
		};
/* End PBXGroup section */

/* Begin PBXNativeTarget section */
		6F0581832093ED9200FA6F20 /* Music */ = {
			isa = PBXNativeTarget;
			buildConfigurationList = 6F0581AE2093ED9300FA6F20 /* Build configuration list for PBXNativeTarget "Music" */;
			buildPhases = (
				C67D45E60540F03FC1932347 /* [CP] Check Pods Manifest.lock */,
				6F0581802093ED9200FA6F20 /* Sources */,
				6F0581812093ED9200FA6F20 /* Frameworks */,
				6F0581822093ED9200FA6F20 /* Resources */,
				2DD8A2E00AE928487FEC8FE1 /* [CP] Embed Pods Frameworks */,
			);
			buildRules = (
			);
			dependencies = (
			);
			name = Music;
			productName = Music;
			productReference = 6F0581842093ED9200FA6F20 /* Music.app */;
			productType = "com.apple.product-type.application";
		};
		6F0581992093ED9300FA6F20 /* MusicTests */ = {
			isa = PBXNativeTarget;
			buildConfigurationList = 6F0581B12093ED9300FA6F20 /* Build configuration list for PBXNativeTarget "MusicTests" */;
			buildPhases = (
				6F0581962093ED9300FA6F20 /* Sources */,
				6F0581972093ED9300FA6F20 /* Frameworks */,
				6F0581982093ED9300FA6F20 /* Resources */,
			);
			buildRules = (
			);
			dependencies = (
				6F05819C2093ED9300FA6F20 /* PBXTargetDependency */,
			);
			name = MusicTests;
			productName = MusicTests;
			productReference = 6F05819A2093ED9300FA6F20 /* MusicTests.xctest */;
			productType = "com.apple.product-type.bundle.unit-test";
		};
		6F0581A42093ED9300FA6F20 /* MusicUITests */ = {
			isa = PBXNativeTarget;
			buildConfigurationList = 6F0581B42093ED9300FA6F20 /* Build configuration list for PBXNativeTarget "MusicUITests" */;
			buildPhases = (
				6F0581A12093ED9300FA6F20 /* Sources */,
				6F0581A22093ED9300FA6F20 /* Frameworks */,
				6F0581A32093ED9300FA6F20 /* Resources */,
			);
			buildRules = (
			);
			dependencies = (
				6F0581A72093ED9300FA6F20 /* PBXTargetDependency */,
			);
			name = MusicUITests;
			productName = MusicUITests;
			productReference = 6F0581A52093ED9300FA6F20 /* MusicUITests.xctest */;
			productType = "com.apple.product-type.bundle.ui-testing";
		};
/* End PBXNativeTarget section */

/* Begin PBXProject section */
		6F05817C2093ED9200FA6F20 /* Project object */ = {
			isa = PBXProject;
			attributes = {
				LastSwiftUpdateCheck = 0930;
				LastUpgradeCheck = 0930;
				ORGANIZATIONNAME = "Google, Inc.";
				TargetAttributes = {
					6F0581832093ED9200FA6F20 = {
						CreatedOnToolsVersion = 9.3;
						SystemCapabilities = {
							com.apple.BackgroundModes = {
								enabled = 1;
							};
							com.apple.InterAppAudio = {
								enabled = 1;
							};
							com.apple.Push = {
								enabled = 1;
							};
						};
					};
					6F0581992093ED9300FA6F20 = {
						CreatedOnToolsVersion = 9.3;
						TestTargetID = 6F0581832093ED9200FA6F20;
					};
					6F0581A42093ED9300FA6F20 = {
						CreatedOnToolsVersion = 9.3;
						TestTargetID = 6F0581832093ED9200FA6F20;
					};
				};
			};
			buildConfigurationList = 6F05817F2093ED9200FA6F20 /* Build configuration list for PBXProject "Music" */;
			compatibilityVersion = "Xcode 9.3";
			developmentRegion = en;
			hasScannedForEncodings = 0;
			knownRegions = (
				en,
				Base,
			);
			mainGroup = 6F05817B2093ED9200FA6F20;
			productRefGroup = 6F0581852093ED9200FA6F20 /* Products */;
			projectDirPath = "";
			projectRoot = "";
			targets = (
				6F0581832093ED9200FA6F20 /* Music */,
				6F0581992093ED9300FA6F20 /* MusicTests */,
				6F0581A42093ED9300FA6F20 /* MusicUITests */,
			);
		};
/* End PBXProject section */

/* Begin PBXResourcesBuildPhase section */
		6F0581822093ED9200FA6F20 /* Resources */ = {
			isa = PBXResourcesBuildPhase;
			buildActionMask = 2147483647;
			files = (
				6FDE092920952E4700364469 /* AppUIElements.xcassets in Resources */,
				6F0581942093ED9300FA6F20 /* LaunchScreen.storyboard in Resources */,
				6F0581DD209408CA00FA6F20 /* PARegister.xib in Resources */,
				6FE34C7D209689A4009208EF /* RadioStationCell.xib in Resources */,
				6F0581912093ED9300FA6F20 /* Assets.xcassets in Resources */,
				6F0581E420940A1A00FA6F20 /* CustomerProfile.xib in Resources */,
				6FDE09262094FA9600364469 /* RadioPlayer.xib in Resources */,
				6F0581D22093FA3000FA6F20 /* SearchMusicCell.xib in Resources */,
				6FDE09212094AC3500364469 /* AppIcon.xcassets in Resources */,
				6F0581BA2093F63900FA6F20 /* AppWallpaper.xcassets in Resources */,
				6F0581CE2093FA1A00FA6F20 /* MusicLibraryCell.xib in Resources */,
				6F05818F2093ED9200FA6F20 /* Main.storyboard in Resources */,
				6F0581E620940E7A00FA6F20 /* GoogleService-Info.plist in Resources */,
				6F0581D9209408BC00FA6F20 /* PALogin.xib in Resources */,
				6FDE092B20952E8E00364469 /* SamsungOne-200.ttf in Resources */,
				6FDE091920949A1C00364469 /* MusicPlayer.xib in Resources */,
				6F0581BC2093F65300FA6F20 /* AppLogo.xcassets in Resources */,
			);
			runOnlyForDeploymentPostprocessing = 0;
		};
		6F0581982093ED9300FA6F20 /* Resources */ = {
			isa = PBXResourcesBuildPhase;
			buildActionMask = 2147483647;
			files = (
			);
			runOnlyForDeploymentPostprocessing = 0;
		};
		6F0581A32093ED9300FA6F20 /* Resources */ = {
			isa = PBXResourcesBuildPhase;
			buildActionMask = 2147483647;
			files = (
			);
			runOnlyForDeploymentPostprocessing = 0;
		};
/* End PBXResourcesBuildPhase section */

/* Begin PBXShellScriptBuildPhase section */
		2DD8A2E00AE928487FEC8FE1 /* [CP] Embed Pods Frameworks */ = {
			isa = PBXShellScriptBuildPhase;
			buildActionMask = 2147483647;
			files = (
			);
			inputPaths = (
				"${SRCROOT}/Pods/Target Support Files/Pods-Music/Pods-Music-frameworks.sh",
				"${BUILT_PRODUCTS_DIR}/Alamofire/Alamofire.framework",
				"${BUILT_PRODUCTS_DIR}/AlamofireImage/AlamofireImage.framework",
				"${BUILT_PRODUCTS_DIR}/BoringSSL/openssl.framework",
				"${BUILT_PRODUCTS_DIR}/GTMSessionFetcher/GTMSessionFetcher.framework",
				"${BUILT_PRODUCTS_DIR}/GoogleToolboxForMac/GoogleToolboxForMac.framework",
				"${BUILT_PRODUCTS_DIR}/MRProgress/MRProgress.framework",
				"${BUILT_PRODUCTS_DIR}/Nuke/Nuke.framework",
				"${BUILT_PRODUCTS_DIR}/Protobuf/Protobuf.framework",
				"${BUILT_PRODUCTS_DIR}/SVProgressHUD/SVProgressHUD.framework",
				"${BUILT_PRODUCTS_DIR}/SwiftyJSON/SwiftyJSON.framework",
				"${BUILT_PRODUCTS_DIR}/TPKeyboardAvoiding/TPKeyboardAvoiding.framework",
				"${BUILT_PRODUCTS_DIR}/gRPC/GRPCClient.framework",
				"${BUILT_PRODUCTS_DIR}/gRPC-Core/grpc.framework",
				"${BUILT_PRODUCTS_DIR}/gRPC-ProtoRPC/ProtoRPC.framework",
				"${BUILT_PRODUCTS_DIR}/gRPC-RxLibrary/RxLibrary.framework",
				"${BUILT_PRODUCTS_DIR}/leveldb-library/leveldb.framework",
				"${BUILT_PRODUCTS_DIR}/nanopb/nanopb.framework",
			);
			name = "[CP] Embed Pods Frameworks";
			outputPaths = (
				"${TARGET_BUILD_DIR}/${FRAMEWORKS_FOLDER_PATH}/Alamofire.framework",
				"${TARGET_BUILD_DIR}/${FRAMEWORKS_FOLDER_PATH}/AlamofireImage.framework",
				"${TARGET_BUILD_DIR}/${FRAMEWORKS_FOLDER_PATH}/openssl.framework",
				"${TARGET_BUILD_DIR}/${FRAMEWORKS_FOLDER_PATH}/GTMSessionFetcher.framework",
				"${TARGET_BUILD_DIR}/${FRAMEWORKS_FOLDER_PATH}/GoogleToolboxForMac.framework",
				"${TARGET_BUILD_DIR}/${FRAMEWORKS_FOLDER_PATH}/MRProgress.framework",
				"${TARGET_BUILD_DIR}/${FRAMEWORKS_FOLDER_PATH}/Nuke.framework",
				"${TARGET_BUILD_DIR}/${FRAMEWORKS_FOLDER_PATH}/Protobuf.framework",
				"${TARGET_BUILD_DIR}/${FRAMEWORKS_FOLDER_PATH}/SVProgressHUD.framework",
				"${TARGET_BUILD_DIR}/${FRAMEWORKS_FOLDER_PATH}/SwiftyJSON.framework",
				"${TARGET_BUILD_DIR}/${FRAMEWORKS_FOLDER_PATH}/TPKeyboardAvoiding.framework",
				"${TARGET_BUILD_DIR}/${FRAMEWORKS_FOLDER_PATH}/GRPCClient.framework",
				"${TARGET_BUILD_DIR}/${FRAMEWORKS_FOLDER_PATH}/grpc.framework",
				"${TARGET_BUILD_DIR}/${FRAMEWORKS_FOLDER_PATH}/ProtoRPC.framework",
				"${TARGET_BUILD_DIR}/${FRAMEWORKS_FOLDER_PATH}/RxLibrary.framework",
				"${TARGET_BUILD_DIR}/${FRAMEWORKS_FOLDER_PATH}/leveldb.framework",
				"${TARGET_BUILD_DIR}/${FRAMEWORKS_FOLDER_PATH}/nanopb.framework",
			);
			runOnlyForDeploymentPostprocessing = 0;
			shellPath = /bin/sh;
			shellScript = "\"${SRCROOT}/Pods/Target Support Files/Pods-Music/Pods-Music-frameworks.sh\"\n";
			showEnvVarsInLog = 0;
		};
		C67D45E60540F03FC1932347 /* [CP] Check Pods Manifest.lock */ = {
			isa = PBXShellScriptBuildPhase;
			buildActionMask = 2147483647;
			files = (
			);
			inputPaths = (
				"${PODS_PODFILE_DIR_PATH}/Podfile.lock",
				"${PODS_ROOT}/Manifest.lock",
			);
			name = "[CP] Check Pods Manifest.lock";
			outputPaths = (
				"$(DERIVED_FILE_DIR)/Pods-Music-checkManifestLockResult.txt",
			);
			runOnlyForDeploymentPostprocessing = 0;
			shellPath = /bin/sh;
			shellScript = "diff \"${PODS_PODFILE_DIR_PATH}/Podfile.lock\" \"${PODS_ROOT}/Manifest.lock\" > /dev/null\nif [ $? != 0 ] ; then\n    # print error to STDERR\n    echo \"error: The sandbox is not in sync with the Podfile.lock. Run 'pod install' or update your CocoaPods installation.\" >&2\n    exit 1\nfi\n# This output is used by Xcode 'outputs' to avoid re-running this script phase.\necho \"SUCCESS\" > \"${SCRIPT_OUTPUT_FILE_0}\"\n";
			showEnvVarsInLog = 0;
		};
/* End PBXShellScriptBuildPhase section */

/* Begin PBXSourcesBuildPhase section */
		6F0581802093ED9200FA6F20 /* Sources */ = {
			isa = PBXSourcesBuildPhase;
			buildActionMask = 2147483647;
			files = (
				6F0581C02093F89900FA6F20 /* SearchMusic.swift in Sources */,
				6F0581E0209409C200FA6F20 /* PearSecurity.swift in Sources */,
				6F0581C72093F98C00FA6F20 /* LibraryModel.swift in Sources */,
				6F0581882093ED9200FA6F20 /* AppDelegate.swift in Sources */,
				6FDE091820949A1C00364469 /* MusicPlayer.swift in Sources */,
				6F0581C92093F99800FA6F20 /* RadioModel.swift in Sources */,
				6F0581E320940A1A00FA6F20 /* CustomerProfile.swift in Sources */,
				6F0581D12093FA3000FA6F20 /* SearchMusicCell.swift in Sources */,
				6FDE09252094FA9600364469 /* RadioPlayer.swift in Sources */,
				6FDE091F2094A7BD00364469 /* CastCore.swift in Sources */,
				6FE34C7C209689A4009208EF /* RadioStationCell.swift in Sources */,
				6F0581BE2093F88B00FA6F20 /* BrowseMusic.swift in Sources */,
				6F0581C42093F90100FA6F20 /* RadioStation.swift in Sources */,
				6F0581C22093F8C700FA6F20 /* MusicLibrary.swift in Sources */,
				6F0581D8209408BC00FA6F20 /* PALogin.swift in Sources */,
				6F0581DC209408CA00FA6F20 /* PARegister.swift in Sources */,
				6F0581CD2093FA1A00FA6F20 /* MusicLibraryCell.swift in Sources */,
			);
			runOnlyForDeploymentPostprocessing = 0;
		};
		6F0581962093ED9300FA6F20 /* Sources */ = {
			isa = PBXSourcesBuildPhase;
			buildActionMask = 2147483647;
			files = (
				6F05819F2093ED9300FA6F20 /* MusicTests.swift in Sources */,
			);
			runOnlyForDeploymentPostprocessing = 0;
		};
		6F0581A12093ED9300FA6F20 /* Sources */ = {
			isa = PBXSourcesBuildPhase;
			buildActionMask = 2147483647;
			files = (
				6F0581AA2093ED9300FA6F20 /* MusicUITests.swift in Sources */,
			);
			runOnlyForDeploymentPostprocessing = 0;
		};
/* End PBXSourcesBuildPhase section */

/* Begin PBXTargetDependency section */
		6F05819C2093ED9300FA6F20 /* PBXTargetDependency */ = {
			isa = PBXTargetDependency;
			target = 6F0581832093ED9200FA6F20 /* Music */;
			targetProxy = 6F05819B2093ED9300FA6F20 /* PBXContainerItemProxy */;
		};
		6F0581A72093ED9300FA6F20 /* PBXTargetDependency */ = {
			isa = PBXTargetDependency;
			target = 6F0581832093ED9200FA6F20 /* Music */;
			targetProxy = 6F0581A62093ED9300FA6F20 /* PBXContainerItemProxy */;
		};
/* End PBXTargetDependency section */

/* Begin PBXVariantGroup section */
		6F05818D2093ED9200FA6F20 /* Main.storyboard */ = {
			isa = PBXVariantGroup;
			children = (
				6F05818E2093ED9200FA6F20 /* Base */,
			);
			name = Main.storyboard;
			sourceTree = "<group>";
		};
		6F0581922093ED9300FA6F20 /* LaunchScreen.storyboard */ = {
			isa = PBXVariantGroup;
			children = (
				6F0581932093ED9300FA6F20 /* Base */,
			);
			name = LaunchScreen.storyboard;
			sourceTree = "<group>";
		};
/* End PBXVariantGroup section */

/* Begin XCBuildConfiguration section */
		6F0581AC2093ED9300FA6F20 /* Debug */ = {
			isa = XCBuildConfiguration;
			buildSettings = {
				ALWAYS_SEARCH_USER_PATHS = NO;
				CLANG_ANALYZER_NONNULL = YES;
				CLANG_ANALYZER_NUMBER_OBJECT_CONVERSION = YES_AGGRESSIVE;
				CLANG_CXX_LANGUAGE_STANDARD = "gnu++14";
				CLANG_CXX_LIBRARY = "libc++";
				CLANG_ENABLE_MODULES = YES;
				CLANG_ENABLE_OBJC_ARC = YES;
				CLANG_ENABLE_OBJC_WEAK = YES;
				CLANG_WARN_BLOCK_CAPTURE_AUTORELEASING = YES;
				CLANG_WARN_BOOL_CONVERSION = YES;
				CLANG_WARN_COMMA = YES;
				CLANG_WARN_CONSTANT_CONVERSION = YES;
				CLANG_WARN_DEPRECATED_OBJC_IMPLEMENTATIONS = YES;
				CLANG_WARN_DIRECT_OBJC_ISA_USAGE = YES_ERROR;
				CLANG_WARN_DOCUMENTATION_COMMENTS = YES;
				CLANG_WARN_EMPTY_BODY = YES;
				CLANG_WARN_ENUM_CONVERSION = YES;
				CLANG_WARN_INFINITE_RECURSION = YES;
				CLANG_WARN_INT_CONVERSION = YES;
				CLANG_WARN_NON_LITERAL_NULL_CONVERSION = YES;
				CLANG_WARN_OBJC_IMPLICIT_RETAIN_SELF = YES;
				CLANG_WARN_OBJC_LITERAL_CONVERSION = YES;
				CLANG_WARN_OBJC_ROOT_CLASS = YES_ERROR;
				CLANG_WARN_RANGE_LOOP_ANALYSIS = YES;
				CLANG_WARN_STRICT_PROTOTYPES = YES;
				CLANG_WARN_SUSPICIOUS_MOVE = YES;
				CLANG_WARN_UNGUARDED_AVAILABILITY = YES_AGGRESSIVE;
				CLANG_WARN_UNREACHABLE_CODE = YES;
				CLANG_WARN__DUPLICATE_METHOD_MATCH = YES;
				CODE_SIGN_IDENTITY = "iPhone Developer";
				COPY_PHASE_STRIP = NO;
				DEBUG_INFORMATION_FORMAT = dwarf;
				ENABLE_STRICT_OBJC_MSGSEND = YES;
				ENABLE_TESTABILITY = YES;
				GCC_C_LANGUAGE_STANDARD = gnu11;
				GCC_DYNAMIC_NO_PIC = NO;
				GCC_NO_COMMON_BLOCKS = YES;
				GCC_OPTIMIZATION_LEVEL = 0;
				GCC_PREPROCESSOR_DEFINITIONS = (
					"DEBUG=1",
					"$(inherited)",
				);
				GCC_WARN_64_TO_32_BIT_CONVERSION = YES;
				GCC_WARN_ABOUT_RETURN_TYPE = YES_ERROR;
				GCC_WARN_UNDECLARED_SELECTOR = YES;
				GCC_WARN_UNINITIALIZED_AUTOS = YES_AGGRESSIVE;
				GCC_WARN_UNUSED_FUNCTION = YES;
				GCC_WARN_UNUSED_VARIABLE = YES;
				IPHONEOS_DEPLOYMENT_TARGET = 11.3;
				MTL_ENABLE_DEBUG_INFO = YES;
				ONLY_ACTIVE_ARCH = YES;
				SDKROOT = iphoneos;
				SWIFT_ACTIVE_COMPILATION_CONDITIONS = DEBUG;
				SWIFT_OPTIMIZATION_LEVEL = "-Onone";
			};
			name = Debug;
		};
		6F0581AD2093ED9300FA6F20 /* Release */ = {
			isa = XCBuildConfiguration;
			buildSettings = {
				ALWAYS_SEARCH_USER_PATHS = NO;
				CLANG_ANALYZER_NONNULL = YES;
				CLANG_ANALYZER_NUMBER_OBJECT_CONVERSION = YES_AGGRESSIVE;
				CLANG_CXX_LANGUAGE_STANDARD = "gnu++14";
				CLANG_CXX_LIBRARY = "libc++";
				CLANG_ENABLE_MODULES = YES;
				CLANG_ENABLE_OBJC_ARC = YES;
				CLANG_ENABLE_OBJC_WEAK = YES;
				CLANG_WARN_BLOCK_CAPTURE_AUTORELEASING = YES;
				CLANG_WARN_BOOL_CONVERSION = YES;
				CLANG_WARN_COMMA = YES;
				CLANG_WARN_CONSTANT_CONVERSION = YES;
				CLANG_WARN_DEPRECATED_OBJC_IMPLEMENTATIONS = YES;
				CLANG_WARN_DIRECT_OBJC_ISA_USAGE = YES_ERROR;
				CLANG_WARN_DOCUMENTATION_COMMENTS = YES;
				CLANG_WARN_EMPTY_BODY = YES;
				CLANG_WARN_ENUM_CONVERSION = YES;
				CLANG_WARN_INFINITE_RECURSION = YES;
				CLANG_WARN_INT_CONVERSION = YES;
				CLANG_WARN_NON_LITERAL_NULL_CONVERSION = YES;
				CLANG_WARN_OBJC_IMPLICIT_RETAIN_SELF = YES;
				CLANG_WARN_OBJC_LITERAL_CONVERSION = YES;
				CLANG_WARN_OBJC_ROOT_CLASS = YES_ERROR;
				CLANG_WARN_RANGE_LOOP_ANALYSIS = YES;
				CLANG_WARN_STRICT_PROTOTYPES = YES;
				CLANG_WARN_SUSPICIOUS_MOVE = YES;
				CLANG_WARN_UNGUARDED_AVAILABILITY = YES_AGGRESSIVE;
				CLANG_WARN_UNREACHABLE_CODE = YES;
				CLANG_WARN__DUPLICATE_METHOD_MATCH = YES;
				CODE_SIGN_IDENTITY = "iPhone Developer";
				COPY_PHASE_STRIP = NO;
				DEBUG_INFORMATION_FORMAT = "dwarf-with-dsym";
				ENABLE_NS_ASSERTIONS = NO;
				ENABLE_STRICT_OBJC_MSGSEND = YES;
				GCC_C_LANGUAGE_STANDARD = gnu11;
				GCC_NO_COMMON_BLOCKS = YES;
				GCC_WARN_64_TO_32_BIT_CONVERSION = YES;
				GCC_WARN_ABOUT_RETURN_TYPE = YES_ERROR;
				GCC_WARN_UNDECLARED_SELECTOR = YES;
				GCC_WARN_UNINITIALIZED_AUTOS = YES_AGGRESSIVE;
				GCC_WARN_UNUSED_FUNCTION = YES;
				GCC_WARN_UNUSED_VARIABLE = YES;
				IPHONEOS_DEPLOYMENT_TARGET = 11.3;
				MTL_ENABLE_DEBUG_INFO = NO;
				SDKROOT = iphoneos;
				SWIFT_COMPILATION_MODE = wholemodule;
				SWIFT_OPTIMIZATION_LEVEL = "-O";
				VALIDATE_PRODUCT = YES;
			};
			name = Release;
		};
		6F0581AF2093ED9300FA6F20 /* Debug */ = {
			isa = XCBuildConfiguration;
			baseConfigurationReference = 796216EBF7AE8F5F1402A65B /* Pods-Music.debug.xcconfig */;
			buildSettings = {
				ASSETCATALOG_COMPILER_APPICON_NAME = AppIcon;
				CODE_SIGN_ENTITLEMENTS = Music/Music.entitlements;
				CODE_SIGN_STYLE = Automatic;
				DEVELOPMENT_TEAM = AY664TBPX5;
				INFOPLIST_FILE = Music/Info.plist;
				LD_RUNPATH_SEARCH_PATHS = (
					"$(inherited)",
					"@executable_path/Frameworks",
				);
				PRODUCT_BUNDLE_IDENTIFIER = com.pear.music;
				PRODUCT_NAME = "$(TARGET_NAME)";
				SWIFT_VERSION = 4.0;
				TARGETED_DEVICE_FAMILY = 1;
			};
			name = Debug;
		};
		6F0581B02093ED9300FA6F20 /* Release */ = {
			isa = XCBuildConfiguration;
			baseConfigurationReference = 218E0779C2DDA0D5C16C2FC2 /* Pods-Music.release.xcconfig */;
			buildSettings = {
				ASSETCATALOG_COMPILER_APPICON_NAME = AppIcon;
				CODE_SIGN_ENTITLEMENTS = Music/Music.entitlements;
				CODE_SIGN_STYLE = Automatic;
				DEVELOPMENT_TEAM = AY664TBPX5;
				INFOPLIST_FILE = Music/Info.plist;
				LD_RUNPATH_SEARCH_PATHS = (
					"$(inherited)",
					"@executable_path/Frameworks",
				);
				PRODUCT_BUNDLE_IDENTIFIER = com.pear.music;
				PRODUCT_NAME = "$(TARGET_NAME)";
				SWIFT_VERSION = 4.0;
				TARGETED_DEVICE_FAMILY = 1;
			};
			name = Release;
		};
		6F0581B22093ED9300FA6F20 /* Debug */ = {
			isa = XCBuildConfiguration;
			buildSettings = {
				ALWAYS_EMBED_SWIFT_STANDARD_LIBRARIES = YES;
				BUNDLE_LOADER = "$(TEST_HOST)";
				CODE_SIGN_STYLE = Automatic;
				DEVELOPMENT_TEAM = AY664TBPX5;
				INFOPLIST_FILE = MusicTests/Info.plist;
				LD_RUNPATH_SEARCH_PATHS = (
					"$(inherited)",
					"@executable_path/Frameworks",
					"@loader_path/Frameworks",
				);
				PRODUCT_BUNDLE_IDENTIFIER = com.pear.music.MusicTests;
				PRODUCT_NAME = "$(TARGET_NAME)";
				SWIFT_VERSION = 4.0;
				TARGETED_DEVICE_FAMILY = "1,2";
				TEST_HOST = "$(BUILT_PRODUCTS_DIR)/Music.app/Music";
			};
			name = Debug;
		};
		6F0581B32093ED9300FA6F20 /* Release */ = {
			isa = XCBuildConfiguration;
			buildSettings = {
				ALWAYS_EMBED_SWIFT_STANDARD_LIBRARIES = YES;
				BUNDLE_LOADER = "$(TEST_HOST)";
				CODE_SIGN_STYLE = Automatic;
				DEVELOPMENT_TEAM = AY664TBPX5;
				INFOPLIST_FILE = MusicTests/Info.plist;
				LD_RUNPATH_SEARCH_PATHS = (
					"$(inherited)",
					"@executable_path/Frameworks",
					"@loader_path/Frameworks",
				);
				PRODUCT_BUNDLE_IDENTIFIER = com.pear.music.MusicTests;
				PRODUCT_NAME = "$(TARGET_NAME)";
				SWIFT_VERSION = 4.0;
				TARGETED_DEVICE_FAMILY = "1,2";
				TEST_HOST = "$(BUILT_PRODUCTS_DIR)/Music.app/Music";
			};
			name = Release;
		};
		6F0581B52093ED9300FA6F20 /* Debug */ = {
			isa = XCBuildConfiguration;
			buildSettings = {
				ALWAYS_EMBED_SWIFT_STANDARD_LIBRARIES = YES;
				CODE_SIGN_STYLE = Automatic;
				DEVELOPMENT_TEAM = AY664TBPX5;
				INFOPLIST_FILE = MusicUITests/Info.plist;
				LD_RUNPATH_SEARCH_PATHS = (
					"$(inherited)",
					"@executable_path/Frameworks",
					"@loader_path/Frameworks",
				);
				PRODUCT_BUNDLE_IDENTIFIER = com.pear.music.MusicUITests;
				PRODUCT_NAME = "$(TARGET_NAME)";
				SWIFT_VERSION = 4.0;
				TARGETED_DEVICE_FAMILY = "1,2";
				TEST_TARGET_NAME = Music;
			};
			name = Debug;
		};
		6F0581B62093ED9300FA6F20 /* Release */ = {
			isa = XCBuildConfiguration;
			buildSettings = {
				ALWAYS_EMBED_SWIFT_STANDARD_LIBRARIES = YES;
				CODE_SIGN_STYLE = Automatic;
				DEVELOPMENT_TEAM = AY664TBPX5;
				INFOPLIST_FILE = MusicUITests/Info.plist;
				LD_RUNPATH_SEARCH_PATHS = (
					"$(inherited)",
					"@executable_path/Frameworks",
					"@loader_path/Frameworks",
				);
				PRODUCT_BUNDLE_IDENTIFIER = com.pear.music.MusicUITests;
				PRODUCT_NAME = "$(TARGET_NAME)";
				SWIFT_VERSION = 4.0;
				TARGETED_DEVICE_FAMILY = "1,2";
				TEST_TARGET_NAME = Music;
			};
			name = Release;
		};
/* End XCBuildConfiguration section */

/* Begin XCConfigurationList section */
		6F05817F2093ED9200FA6F20 /* Build configuration list for PBXProject "Music" */ = {
			isa = XCConfigurationList;
			buildConfigurations = (
				6F0581AC2093ED9300FA6F20 /* Debug */,
				6F0581AD2093ED9300FA6F20 /* Release */,
			);
			defaultConfigurationIsVisible = 0;
			defaultConfigurationName = Release;
		};
		6F0581AE2093ED9300FA6F20 /* Build configuration list for PBXNativeTarget "Music" */ = {
			isa = XCConfigurationList;
			buildConfigurations = (
				6F0581AF2093ED9300FA6F20 /* Debug */,
				6F0581B02093ED9300FA6F20 /* Release */,
			);
			defaultConfigurationIsVisible = 0;
			defaultConfigurationName = Release;
		};
		6F0581B12093ED9300FA6F20 /* Build configuration list for PBXNativeTarget "MusicTests" */ = {
			isa = XCConfigurationList;
			buildConfigurations = (
				6F0581B22093ED9300FA6F20 /* Debug */,
				6F0581B32093ED9300FA6F20 /* Release */,
			);
			defaultConfigurationIsVisible = 0;
			defaultConfigurationName = Release;
		};
		6F0581B42093ED9300FA6F20 /* Build configuration list for PBXNativeTarget "MusicUITests" */ = {
			isa = XCConfigurationList;
			buildConfigurations = (
				6F0581B52093ED9300FA6F20 /* Debug */,
				6F0581B62093ED9300FA6F20 /* Release */,
			);
			defaultConfigurationIsVisible = 0;
			defaultConfigurationName = Release;
		};
/* End XCConfigurationList section */
	};
	rootObject = 6F05817C2093ED9200FA6F20 /* Project object */;
}
